
Microsoft Visual Studio Solution File, Format Version 12.00
# Visual Studio 15
VisualStudioVersion = 15.0.26730.8
MinimumVisualStudioVersion = 10.0.40219.1
Project("{9A19103F-16F7-4668-BE54-9A1E7A4F7556}") = "ETDA.Invoice.Api", "ETDA.XMLGenerator\ETDA.Invoice.Api.csproj", "{04E23625-280D-4B3A-9147-585F441D4756}"
EndProject
Project("{FAE04EC0-301F-11D3-BF4B-00C04F79EFBC}") = "ETDA.XMLGenerator.UnitTests", "ETDA.XMLGenerator.UnitTests\ETDA.XMLGenerator.UnitTests.csproj", "{E81DD6B7-8C93-4703-B24D-3497832EB5B4}"
EndProject
Global
	GlobalSection(SolutionConfigurationPlatforms) = preSolution
		Debug|Any CPU = Debug|Any CPU
		Release|Any CPU = Release|Any CPU
	EndGlobalSection
	GlobalSection(ProjectConfigurationPlatforms) = postSolution
		{04E23625-280D-4B3A-9147-585F441D4756}.Debug|Any CPU.ActiveCfg = Debug|Any CPU
		{04E23625-280D-4B3A-9147-585F441D4756}.Debug|Any CPU.Build.0 = Debug|Any CPU
		{04E23625-280D-4B3A-9147-585F441D4756}.Release|Any CPU.ActiveCfg = Release|Any CPU
		{04E23625-280D-4B3A-9147-585F441D4756}.Release|Any CPU.Build.0 = Release|Any CPU
		{E81DD6B7-8C93-4703-B24D-3497832EB5B4}.Debug|Any CPU.ActiveCfg = Debug|Any CPU
		{E81DD6B7-8C93-4703-B24D-3497832EB5B4}.Debug|Any CPU.Build.0 = Debug|Any CPU
		{E81DD6B7-8C93-4703-B24D-3497832EB5B4}.Release|Any CPU.ActiveCfg = Release|Any CPU
		{E81DD6B7-8C93-4703-B24D-3497832EB5B4}.Release|Any CPU.Build.0 = Release|Any CPU
	EndGlobalSection
	GlobalSection(SolutionProperties) = preSolution
		HideSolutionNode = FALSE
	EndGlobalSection
	GlobalSection(ExtensibilityGlobals) = postSolution
		SolutionGuid = {DCCAA591-C7FF-4C52-BD79-23C49DAAF638}
	EndGlobalSection
EndGlobal
